
Microsoft Visual Studio Solution File, Format Version 12.00
# Visual Studio Version 17
VisualStudioVersion = 17.2.32616.157
MinimumVisualStudioVersion = 10.0.40219.1
Project("{FAE04EC0-301F-11D3-BF4B-00C04F79EFBC}") = "Fridge", "Fridge\Fridge.csproj", "{12C88DD4-BA27-4650-B7F1-F8FF610AE0FD}"
EndProject
Global
	GlobalSection(SolutionConfigurationPlatforms) = preSolution
		Debug|Any CPU = Debug|Any CPU
		Release|Any CPU = Release|Any CPU
	EndGlobalSection
	GlobalSection(ProjectConfigurationPlatforms) = postSolution
		{12C88DD4-BA27-4650-B7F1-F8FF610AE0FD}.Debug|Any CPU.ActiveCfg = Debug|Any CPU
		{12C88DD4-BA27-4650-B7F1-F8FF610AE0FD}.Debug|Any CPU.Build.0 = Debug|Any CPU
		{12C88DD4-BA27-4650-B7F1-F8FF610AE0FD}.Release|Any CPU.ActiveCfg = Release|Any CPU
		{12C88DD4-BA27-4650-B7F1-F8FF610AE0FD}.Release|Any CPU.Build.0 = Release|Any CPU
	EndGlobalSection
	GlobalSection(SolutionProperties) = preSolution
		HideSolutionNode = FALSE
	EndGlobalSection
	GlobalSection(ExtensibilityGlobals) = postSolution
		SolutionGuid = {14BD7267-0B54-47D8-B58A-1714B6C4C083}
	EndGlobalSection
EndGlobal
